
Microsoft Visual Studio Solution File, Format Version 12.00
# Visual Studio Version 16
VisualStudioVersion = 16.0.29306.81
MinimumVisualStudioVersion = 10.0.40219.1
Project("{FAE04EC0-301F-11D3-BF4B-00C04F79EFBC}") = "IcelandProductTest.MSUnitTest", "IcelandProductTest.MSUnitTest\IcelandProductTest.MSUnitTest.csproj", "{977227F7-CD6B-4AF8-82FD-D398CD2EFA71}"
EndProject
Project("{FAE04EC0-301F-11D3-BF4B-00C04F79EFBC}") = "IcelandProductTest.NunitTest", "IcelandProductTest.NunitTest\IcelandProductTest.NunitTest.csproj", "{6F8B46EA-0928-4379-BB8F-8EC142449887}"
EndProject
Project("{FAE04EC0-301F-11D3-BF4B-00C04F79EFBC}") = "IcelandProductTest.Console", "IcelandProductTest.Console\IcelandProductTest.Console.csproj", "{B3DC9B7C-7AF0-4021-9538-31F4DF43FECC}"
EndProject
Global
	GlobalSection(SolutionConfigurationPlatforms) = preSolution
		Debug|Any CPU = Debug|Any CPU
		Release|Any CPU = Release|Any CPU
	EndGlobalSection
	GlobalSection(ProjectConfigurationPlatforms) = postSolution
		{977227F7-CD6B-4AF8-82FD-D398CD2EFA71}.Debug|Any CPU.ActiveCfg = Debug|Any CPU
		{977227F7-CD6B-4AF8-82FD-D398CD2EFA71}.Debug|Any CPU.Build.0 = Debug|Any CPU
		{977227F7-CD6B-4AF8-82FD-D398CD2EFA71}.Release|Any CPU.ActiveCfg = Release|Any CPU
		{977227F7-CD6B-4AF8-82FD-D398CD2EFA71}.Release|Any CPU.Build.0 = Release|Any CPU
		{6F8B46EA-0928-4379-BB8F-8EC142449887}.Debug|Any CPU.ActiveCfg = Debug|Any CPU
		{6F8B46EA-0928-4379-BB8F-8EC142449887}.Debug|Any CPU.Build.0 = Debug|Any CPU
		{6F8B46EA-0928-4379-BB8F-8EC142449887}.Release|Any CPU.ActiveCfg = Release|Any CPU
		{6F8B46EA-0928-4379-BB8F-8EC142449887}.Release|Any CPU.Build.0 = Release|Any CPU
		{B3DC9B7C-7AF0-4021-9538-31F4DF43FECC}.Debug|Any CPU.ActiveCfg = Debug|Any CPU
		{B3DC9B7C-7AF0-4021-9538-31F4DF43FECC}.Debug|Any CPU.Build.0 = Debug|Any CPU
		{B3DC9B7C-7AF0-4021-9538-31F4DF43FECC}.Release|Any CPU.ActiveCfg = Release|Any CPU
		{B3DC9B7C-7AF0-4021-9538-31F4DF43FECC}.Release|Any CPU.Build.0 = Release|Any CPU
	EndGlobalSection
	GlobalSection(SolutionProperties) = preSolution
		HideSolutionNode = FALSE
	EndGlobalSection
	GlobalSection(ExtensibilityGlobals) = postSolution
		SolutionGuid = {1833261A-D6F0-45B1-BA00-1AB3C2008D29}
	EndGlobalSection
EndGlobal
